
Microsoft Visual Studio Solution File, Format Version 12.00
# Visual Studio Version 17
VisualStudioVersion = 17.11.35222.181
MinimumVisualStudioVersion = 10.0.40219.1
Project("{FAE04EC0-301F-11D3-BF4B-00C04F79EFBC}") = "RDI.API", "RDI.API\RDI.API.csproj", "{183FD4B5-4C6D-4E5C-9A03-49EABDDC53B4}"
EndProject
Project("{FAE04EC0-301F-11D3-BF4B-00C04F79EFBC}") = "RDI.BIBLIOTECA", "RDI.BIBLIOTECA\RDI.BIBLIOTECA.csproj", "{5FFCFEB5-3ECA-426C-BD94-001B4B2D7026}"
EndProject
Global
	GlobalSection(SolutionConfigurationPlatforms) = preSolution
		Debug|Any CPU = Debug|Any CPU
		Release|Any CPU = Release|Any CPU
	EndGlobalSection
	GlobalSection(ProjectConfigurationPlatforms) = postSolution
		{183FD4B5-4C6D-4E5C-9A03-49EABDDC53B4}.Debug|Any CPU.ActiveCfg = Debug|Any CPU
		{183FD4B5-4C6D-4E5C-9A03-49EABDDC53B4}.Debug|Any CPU.Build.0 = Debug|Any CPU
		{183FD4B5-4C6D-4E5C-9A03-49EABDDC53B4}.Release|Any CPU.ActiveCfg = Release|Any CPU
		{183FD4B5-4C6D-4E5C-9A03-49EABDDC53B4}.Release|Any CPU.Build.0 = Release|Any CPU
		{5FFCFEB5-3ECA-426C-BD94-001B4B2D7026}.Debug|Any CPU.ActiveCfg = Debug|Any CPU
		{5FFCFEB5-3ECA-426C-BD94-001B4B2D7026}.Debug|Any CPU.Build.0 = Debug|Any CPU
		{5FFCFEB5-3ECA-426C-BD94-001B4B2D7026}.Release|Any CPU.ActiveCfg = Release|Any CPU
		{5FFCFEB5-3ECA-426C-BD94-001B4B2D7026}.Release|Any CPU.Build.0 = Release|Any CPU
	EndGlobalSection
	GlobalSection(SolutionProperties) = preSolution
		HideSolutionNode = FALSE
	EndGlobalSection
	GlobalSection(ExtensibilityGlobals) = postSolution
		SolutionGuid = {570D57E2-57CF-4C54-A59A-A7173EE60047}
	EndGlobalSection
EndGlobal
